
Microsoft Visual Studio Solution File, Format Version 12.00
# Visual Studio 15
VisualStudioVersion = 15.0.28307.168
MinimumVisualStudioVersion = 10.0.40219.1
Project("{FAE04EC0-301F-11D3-BF4B-00C04F79EFBC}") = "RoadRanger LLC", "RoadRanger LLC\RoadRanger LLC.csproj", "{641B862C-1F14-4FE1-816F-1956E36DC96A}"
EndProject
Global
	GlobalSection(SolutionConfigurationPlatforms) = preSolution
		Debug|Any CPU = Debug|Any CPU
		Release|Any CPU = Release|Any CPU
	EndGlobalSection
	GlobalSection(ProjectConfigurationPlatforms) = postSolution
		{641B862C-1F14-4FE1-816F-1956E36DC96A}.Debug|Any CPU.ActiveCfg = Debug|Any CPU
		{641B862C-1F14-4FE1-816F-1956E36DC96A}.Debug|Any CPU.Build.0 = Debug|Any CPU
		{641B862C-1F14-4FE1-816F-1956E36DC96A}.Release|Any CPU.ActiveCfg = Release|Any CPU
		{641B862C-1F14-4FE1-816F-1956E36DC96A}.Release|Any CPU.Build.0 = Release|Any CPU
	EndGlobalSection
	GlobalSection(SolutionProperties) = preSolution
		HideSolutionNode = FALSE
	EndGlobalSection
	GlobalSection(ExtensibilityGlobals) = postSolution
		SolutionGuid = {39E8AA61-B673-4D12-830D-95E3F77610B0}
	EndGlobalSection
EndGlobal
